// !$*UTF8*$!
{
	archiveVersion = 1;
	classes = {
	};
	objectVersion = 50;
	objects = {

/* Begin PBXFileReference section */
		CB217A2F23969F0B00EF39FD /* 12910.playground */ = {isa = PBXFileReference; lastKnownFileType = file.playground; name = 12910.playground; path = ../12910.playground; sourceTree = "<group>"; xcLanguageSpecificationIdentifier = xcode.lang.swift; };
		CB217A302397CFD500EF39FD /* 42840.playground */ = {isa = PBXFileReference; lastKnownFileType = file.playground; path = 42840.playground; sourceTree = "<group>"; xcLanguageSpecificationIdentifier = xcode.lang.swift; };
		CB217A312399185000EF39FD /* 42748.playground */ = {isa = PBXFileReference; lastKnownFileType = file.playground; path = 42748.playground; sourceTree = "<group>"; xcLanguageSpecificationIdentifier = xcode.lang.swift; };
		CBFD4675239CC13E000093DE /* 12903.playground */ = {isa = PBXFileReference; lastKnownFileType = file.playground; path = 12903.playground; sourceTree = "<group>"; xcLanguageSpecificationIdentifier = xcode.lang.swift; };
		CBFD4676239CD269000093DE /* 12931.playground */ = {isa = PBXFileReference; lastKnownFileType = file.playground; path = 12931.playground; sourceTree = "<group>"; xcLanguageSpecificationIdentifier = xcode.lang.swift; };
/* End PBXFileReference section */

/* Begin PBXGroup section */
		CB217A2823969EFF00EF39FD = {
			isa = PBXGroup;
			children = (
				CBFD4676239CD269000093DE /* 12931.playground */,
				CBFD4675239CC13E000093DE /* 12903.playground */,
				CB217A312399185000EF39FD /* 42748.playground */,
				CB217A302397CFD500EF39FD /* 42840.playground */,
				CB217A2F23969F0B00EF39FD /* 12910.playground */,
			);
			sourceTree = "<group>";
		};
/* End PBXGroup section */

/* Begin PBXProject section */
		CB217A2923969EFF00EF39FD /* Project object */ = {
			isa = PBXProject;
			attributes = {
				LastUpgradeCheck = 1120;
			};
			buildConfigurationList = CB217A2C23969EFF00EF39FD /* Build configuration list for PBXProject "programmers" */;
			compatibilityVersion = "Xcode 9.3";
			developmentRegion = en;
			hasScannedForEncodings = 0;
			knownRegions = (
				en,
				Base,
			);
			mainGroup = CB217A2823969EFF00EF39FD;
			projectDirPath = "";
			projectRoot = "";
			targets = (
			);
		};
/* End PBXProject section */

/* Begin XCBuildConfiguration section */
		CB217A2D23969EFF00EF39FD /* Debug */ = {
			isa = XCBuildConfiguration;
			buildSettings = {
			};
			name = Debug;
		};
		CB217A2E23969EFF00EF39FD /* Release */ = {
			isa = XCBuildConfiguration;
			buildSettings = {
			};
			name = Release;
		};
/* End XCBuildConfiguration section */

/* Begin XCConfigurationList section */
		CB217A2C23969EFF00EF39FD /* Build configuration list for PBXProject "programmers" */ = {
			isa = XCConfigurationList;
			buildConfigurations = (
				CB217A2D23969EFF00EF39FD /* Debug */,
				CB217A2E23969EFF00EF39FD /* Release */,
			);
			defaultConfigurationIsVisible = 0;
			defaultConfigurationName = Release;
		};
/* End XCConfigurationList section */
	};
	rootObject = CB217A2923969EFF00EF39FD /* Project object */;
}
